
Microsoft Visual Studio Solution File, Format Version 12.00
# Visual Studio 15
VisualStudioVersion = 15.0.26730.16
MinimumVisualStudioVersion = 10.0.40219.1
Project("{8BC9CEB8-8B4A-11D0-8D11-00A0C91BC942}") = "MLiTA_2", "MLiTA_2\MLiTA_2.vcxproj", "{D3E6FAD4-22A1-4D6D-9AC0-97B77F5F0BED}"
EndProject
Global
	GlobalSection(SolutionConfigurationPlatforms) = preSolution
		Debug|x64 = Debug|x64
		Debug|x86 = Debug|x86
		Release|x64 = Release|x64
		Release|x86 = Release|x86
	EndGlobalSection
	GlobalSection(ProjectConfigurationPlatforms) = postSolution
		{D3E6FAD4-22A1-4D6D-9AC0-97B77F5F0BED}.Debug|x64.ActiveCfg = Debug|x64
		{D3E6FAD4-22A1-4D6D-9AC0-97B77F5F0BED}.Debug|x64.Build.0 = Debug|x64
		{D3E6FAD4-22A1-4D6D-9AC0-97B77F5F0BED}.Debug|x86.ActiveCfg = Debug|Win32
		{D3E6FAD4-22A1-4D6D-9AC0-97B77F5F0BED}.Debug|x86.Build.0 = Debug|Win32
		{D3E6FAD4-22A1-4D6D-9AC0-97B77F5F0BED}.Release|x64.ActiveCfg = Release|x64
		{D3E6FAD4-22A1-4D6D-9AC0-97B77F5F0BED}.Release|x64.Build.0 = Release|x64
		{D3E6FAD4-22A1-4D6D-9AC0-97B77F5F0BED}.Release|x86.ActiveCfg = Release|Win32
		{D3E6FAD4-22A1-4D6D-9AC0-97B77F5F0BED}.Release|x86.Build.0 = Release|Win32
	EndGlobalSection
	GlobalSection(SolutionProperties) = preSolution
		HideSolutionNode = FALSE
	EndGlobalSection
	GlobalSection(ExtensibilityGlobals) = postSolution
		SolutionGuid = {82AC4605-DD3F-4B53-851E-7D4A61D66F51}
	EndGlobalSection
EndGlobal
